// !$*UTF8*$!
{
	archiveVersion = 1;
	classes = {
	};
	objectVersion = 50;
	objects = {

/* Begin PBXBuildFile section */
		01DFB1EE21A3F01F00B2004B /* AppDelegate.swift in Sources */ = {isa = PBXBuildFile; fileRef = 01DFB1ED21A3F01F00B2004B /* AppDelegate.swift */; };
		01DFB1F021A3F01F00B2004B /* ViewController.swift in Sources */ = {isa = PBXBuildFile; fileRef = 01DFB1EF21A3F01F00B2004B /* ViewController.swift */; };
		01DFB1F321A3F01F00B2004B /* Main.storyboard in Resources */ = {isa = PBXBuildFile; fileRef = 01DFB1F121A3F01F00B2004B /* Main.storyboard */; };
		01DFB1F521A3F02000B2004B /* Assets.xcassets in Resources */ = {isa = PBXBuildFile; fileRef = 01DFB1F421A3F02000B2004B /* Assets.xcassets */; };
		01DFB1F821A3F02000B2004B /* LaunchScreen.storyboard in Resources */ = {isa = PBXBuildFile; fileRef = 01DFB1F621A3F02000B2004B /* LaunchScreen.storyboard */; };
		01DFB20321A3F02000B2004B /* DiscountsDemoTests.swift in Sources */ = {isa = PBXBuildFile; fileRef = 01DFB20221A3F02000B2004B /* DiscountsDemoTests.swift */; };
/* End PBXBuildFile section */

/* Begin PBXContainerItemProxy section */
		01DFB1FF21A3F02000B2004B /* PBXContainerItemProxy */ = {
			isa = PBXContainerItemProxy;
			containerPortal = 01DFB1E221A3F01F00B2004B /* Project object */;
			proxyType = 1;
			remoteGlobalIDString = 01DFB1E921A3F01F00B2004B;
			remoteInfo = DiscountsDemo;
		};
/* End PBXContainerItemProxy section */

/* Begin PBXFileReference section */
		01DFB1EA21A3F01F00B2004B /* DiscountsDemo.app */ = {isa = PBXFileReference; explicitFileType = wrapper.application; includeInIndex = 0; path = DiscountsDemo.app; sourceTree = BUILT_PRODUCTS_DIR; };
		01DFB1ED21A3F01F00B2004B /* AppDelegate.swift */ = {isa = PBXFileReference; lastKnownFileType = sourcecode.swift; path = AppDelegate.swift; sourceTree = "<group>"; };
		01DFB1EF21A3F01F00B2004B /* ViewController.swift */ = {isa = PBXFileReference; lastKnownFileType = sourcecode.swift; path = ViewController.swift; sourceTree = "<group>"; };
		01DFB1F221A3F01F00B2004B /* Base */ = {isa = PBXFileReference; lastKnownFileType = file.storyboard; name = Base; path = Base.lproj/Main.storyboard; sourceTree = "<group>"; };
		01DFB1F421A3F02000B2004B /* Assets.xcassets */ = {isa = PBXFileReference; lastKnownFileType = folder.assetcatalog; path = Assets.xcassets; sourceTree = "<group>"; };
		01DFB1F721A3F02000B2004B /* Base */ = {isa = PBXFileReference; lastKnownFileType = file.storyboard; name = Base; path = Base.lproj/LaunchScreen.storyboard; sourceTree = "<group>"; };
		01DFB1F921A3F02000B2004B /* Info.plist */ = {isa = PBXFileReference; lastKnownFileType = text.plist.xml; path = Info.plist; sourceTree = "<group>"; };
		01DFB1FE21A3F02000B2004B /* DiscountsDemoTests.xctest */ = {isa = PBXFileReference; explicitFileType = wrapper.cfbundle; includeInIndex = 0; path = DiscountsDemoTests.xctest; sourceTree = BUILT_PRODUCTS_DIR; };
		01DFB20221A3F02000B2004B /* DiscountsDemoTests.swift */ = {isa = PBXFileReference; lastKnownFileType = sourcecode.swift; path = DiscountsDemoTests.swift; sourceTree = "<group>"; };
		01DFB20421A3F02000B2004B /* Info.plist */ = {isa = PBXFileReference; lastKnownFileType = text.plist.xml; path = Info.plist; sourceTree = "<group>"; };
/* End PBXFileReference section */

/* Begin PBXFrameworksBuildPhase section */
		01DFB1E721A3F01F00B2004B /* Frameworks */ = {
			isa = PBXFrameworksBuildPhase;
			buildActionMask = 2147483647;
			files = (
			);
			runOnlyForDeploymentPostprocessing = 0;
		};
		01DFB1FB21A3F02000B2004B /* Frameworks */ = {
			isa = PBXFrameworksBuildPhase;
			buildActionMask = 2147483647;
			files = (
			);
			runOnlyForDeploymentPostprocessing = 0;
		};
/* End PBXFrameworksBuildPhase section */

/* Begin PBXGroup section */
		01DFB1E121A3F01F00B2004B = {
			isa = PBXGroup;
			children = (
				01DFB1EC21A3F01F00B2004B /* DiscountsDemo */,
				01DFB20121A3F02000B2004B /* DiscountsDemoTests */,
				01DFB1EB21A3F01F00B2004B /* Products */,
			);
			sourceTree = "<group>";
		};
		01DFB1EB21A3F01F00B2004B /* Products */ = {
			isa = PBXGroup;
			children = (
				01DFB1EA21A3F01F00B2004B /* DiscountsDemo.app */,
				01DFB1FE21A3F02000B2004B /* DiscountsDemoTests.xctest */,
			);
			name = Products;
			sourceTree = "<group>";
		};
		01DFB1EC21A3F01F00B2004B /* DiscountsDemo */ = {
			isa = PBXGroup;
			children = (
				01DFB1ED21A3F01F00B2004B /* AppDelegate.swift */,
				01DFB1EF21A3F01F00B2004B /* ViewController.swift */,
				01DFB1F121A3F01F00B2004B /* Main.storyboard */,
				01DFB1F421A3F02000B2004B /* Assets.xcassets */,
				01DFB1F621A3F02000B2004B /* LaunchScreen.storyboard */,
				01DFB1F921A3F02000B2004B /* Info.plist */,
			);
			path = DiscountsDemo;
			sourceTree = "<group>";
		};
		01DFB20121A3F02000B2004B /* DiscountsDemoTests */ = {
			isa = PBXGroup;
			children = (
				01DFB20221A3F02000B2004B /* DiscountsDemoTests.swift */,
				01DFB20421A3F02000B2004B /* Info.plist */,
			);
			path = DiscountsDemoTests;
			sourceTree = "<group>";
		};
/* End PBXGroup section */

/* Begin PBXNativeTarget section */
		01DFB1E921A3F01F00B2004B /* DiscountsDemo */ = {
			isa = PBXNativeTarget;
			buildConfigurationList = 01DFB20721A3F02000B2004B /* Build configuration list for PBXNativeTarget "DiscountsDemo" */;
			buildPhases = (
				01DFB1E621A3F01F00B2004B /* Sources */,
				01DFB1E721A3F01F00B2004B /* Frameworks */,
				01DFB1E821A3F01F00B2004B /* Resources */,
			);
			buildRules = (
			);
			dependencies = (
			);
			name = DiscountsDemo;
			productName = DiscountsDemo;
			productReference = 01DFB1EA21A3F01F00B2004B /* DiscountsDemo.app */;
			productType = "com.apple.product-type.application";
		};
		01DFB1FD21A3F02000B2004B /* DiscountsDemoTests */ = {
			isa = PBXNativeTarget;
			buildConfigurationList = 01DFB20A21A3F02000B2004B /* Build configuration list for PBXNativeTarget "DiscountsDemoTests" */;
			buildPhases = (
				01DFB1FA21A3F02000B2004B /* Sources */,
				01DFB1FB21A3F02000B2004B /* Frameworks */,
				01DFB1FC21A3F02000B2004B /* Resources */,
			);
			buildRules = (
			);
			dependencies = (
				01DFB20021A3F02000B2004B /* PBXTargetDependency */,
			);
			name = DiscountsDemoTests;
			productName = DiscountsDemoTests;
			productReference = 01DFB1FE21A3F02000B2004B /* DiscountsDemoTests.xctest */;
			productType = "com.apple.product-type.bundle.unit-test";
		};
/* End PBXNativeTarget section */

/* Begin PBXProject section */
		01DFB1E221A3F01F00B2004B /* Project object */ = {
			isa = PBXProject;
			attributes = {
				LastSwiftUpdateCheck = 1010;
				LastUpgradeCheck = 1010;
				ORGANIZATIONNAME = Discounts;
				TargetAttributes = {
					01DFB1E921A3F01F00B2004B = {
						CreatedOnToolsVersion = 10.1;
					};
					01DFB1FD21A3F02000B2004B = {
						CreatedOnToolsVersion = 10.1;
						TestTargetID = 01DFB1E921A3F01F00B2004B;
					};
				};
			};
			buildConfigurationList = 01DFB1E521A3F01F00B2004B /* Build configuration list for PBXProject "DiscountsDemo" */;
			compatibilityVersion = "Xcode 9.3";
			developmentRegion = en;
			hasScannedForEncodings = 0;
			knownRegions = (
				en,
				Base,
			);
			mainGroup = 01DFB1E121A3F01F00B2004B;
			productRefGroup = 01DFB1EB21A3F01F00B2004B /* Products */;
			projectDirPath = "";
			projectRoot = "";
			targets = (
				01DFB1E921A3F01F00B2004B /* DiscountsDemo */,
				01DFB1FD21A3F02000B2004B /* DiscountsDemoTests */,
			);
		};
/* End PBXProject section */

/* Begin PBXResourcesBuildPhase section */
		01DFB1E821A3F01F00B2004B /* Resources */ = {
			isa = PBXResourcesBuildPhase;
			buildActionMask = 2147483647;
			files = (
				01DFB1F821A3F02000B2004B /* LaunchScreen.storyboard in Resources */,
				01DFB1F521A3F02000B2004B /* Assets.xcassets in Resources */,
				01DFB1F321A3F01F00B2004B /* Main.storyboard in Resources */,
			);
			runOnlyForDeploymentPostprocessing = 0;
		};
		01DFB1FC21A3F02000B2004B /* Resources */ = {
			isa = PBXResourcesBuildPhase;
			buildActionMask = 2147483647;
			files = (
			);
			runOnlyForDeploymentPostprocessing = 0;
		};
/* End PBXResourcesBuildPhase section */

/* Begin PBXSourcesBuildPhase section */
		01DFB1E621A3F01F00B2004B /* Sources */ = {
			isa = PBXSourcesBuildPhase;
			buildActionMask = 2147483647;
			files = (
				01DFB1F021A3F01F00B2004B /* ViewController.swift in Sources */,
				01DFB1EE21A3F01F00B2004B /* AppDelegate.swift in Sources */,
			);
			runOnlyForDeploymentPostprocessing = 0;
		};
		01DFB1FA21A3F02000B2004B /* Sources */ = {
			isa = PBXSourcesBuildPhase;
			buildActionMask = 2147483647;
			files = (
				01DFB20321A3F02000B2004B /* DiscountsDemoTests.swift in Sources */,
			);
			runOnlyForDeploymentPostprocessing = 0;
		};
/* End PBXSourcesBuildPhase section */

/* Begin PBXTargetDependency section */
		01DFB20021A3F02000B2004B /* PBXTargetDependency */ = {
			isa = PBXTargetDependency;
			target = 01DFB1E921A3F01F00B2004B /* DiscountsDemo */;
			targetProxy = 01DFB1FF21A3F02000B2004B /* PBXContainerItemProxy */;
		};
/* End PBXTargetDependency section */

/* Begin PBXVariantGroup section */
		01DFB1F121A3F01F00B2004B /* Main.storyboard */ = {
			isa = PBXVariantGroup;
			children = (
				01DFB1F221A3F01F00B2004B /* Base */,
			);
			name = Main.storyboard;
			sourceTree = "<group>";
		};
		01DFB1F621A3F02000B2004B /* LaunchScreen.storyboard */ = {
			isa = PBXVariantGroup;
			children = (
				01DFB1F721A3F02000B2004B /* Base */,
			);
			name = LaunchScreen.storyboard;
			sourceTree = "<group>";
		};
/* End PBXVariantGroup section */

/* Begin XCBuildConfiguration section */
		01DFB20521A3F02000B2004B /* Debug */ = {
			isa = XCBuildConfiguration;
			buildSettings = {
				ALWAYS_SEARCH_USER_PATHS = NO;
				CLANG_ANALYZER_NONNULL = YES;
				CLANG_ANALYZER_NUMBER_OBJECT_CONVERSION = YES_AGGRESSIVE;
				CLANG_CXX_LANGUAGE_STANDARD = "gnu++14";
				CLANG_CXX_LIBRARY = "libc++";
				CLANG_ENABLE_MODULES = YES;
				CLANG_ENABLE_OBJC_ARC = YES;
				CLANG_ENABLE_OBJC_WEAK = YES;
				CLANG_WARN_BLOCK_CAPTURE_AUTORELEASING = YES;
				CLANG_WARN_BOOL_CONVERSION = YES;
				CLANG_WARN_COMMA = YES;
				CLANG_WARN_CONSTANT_CONVERSION = YES;
				CLANG_WARN_DEPRECATED_OBJC_IMPLEMENTATIONS = YES;
				CLANG_WARN_DIRECT_OBJC_ISA_USAGE = YES_ERROR;
				CLANG_WARN_DOCUMENTATION_COMMENTS = YES;
				CLANG_WARN_EMPTY_BODY = YES;
				CLANG_WARN_ENUM_CONVERSION = YES;
				CLANG_WARN_INFINITE_RECURSION = YES;
				CLANG_WARN_INT_CONVERSION = YES;
				CLANG_WARN_NON_LITERAL_NULL_CONVERSION = YES;
				CLANG_WARN_OBJC_IMPLICIT_RETAIN_SELF = YES;
				CLANG_WARN_OBJC_LITERAL_CONVERSION = YES;
				CLANG_WARN_OBJC_ROOT_CLASS = YES_ERROR;
				CLANG_WARN_RANGE_LOOP_ANALYSIS = YES;
				CLANG_WARN_STRICT_PROTOTYPES = YES;
				CLANG_WARN_SUSPICIOUS_MOVE = YES;
				CLANG_WARN_UNGUARDED_AVAILABILITY = YES_AGGRESSIVE;
				CLANG_WARN_UNREACHABLE_CODE = YES;
				CLANG_WARN__DUPLICATE_METHOD_MATCH = YES;
				CODE_SIGN_IDENTITY = "iPhone Developer";
				COPY_PHASE_STRIP = NO;
				DEBUG_INFORMATION_FORMAT = dwarf;
				ENABLE_STRICT_OBJC_MSGSEND = YES;
				ENABLE_TESTABILITY = YES;
				GCC_C_LANGUAGE_STANDARD = gnu11;
				GCC_DYNAMIC_NO_PIC = NO;
				GCC_NO_COMMON_BLOCKS = YES;
				GCC_OPTIMIZATION_LEVEL = 0;
				GCC_PREPROCESSOR_DEFINITIONS = (
					"DEBUG=1",
					"$(inherited)",
				);
				GCC_WARN_64_TO_32_BIT_CONVERSION = YES;
				GCC_WARN_ABOUT_RETURN_TYPE = YES_ERROR;
				GCC_WARN_UNDECLARED_SELECTOR = YES;
				GCC_WARN_UNINITIALIZED_AUTOS = YES_AGGRESSIVE;
				GCC_WARN_UNUSED_FUNCTION = YES;
				GCC_WARN_UNUSED_VARIABLE = YES;
				IPHONEOS_DEPLOYMENT_TARGET = 12.1;
				MTL_ENABLE_DEBUG_INFO = INCLUDE_SOURCE;
				MTL_FAST_MATH = YES;
				ONLY_ACTIVE_ARCH = YES;
				SDKROOT = iphoneos;
				SWIFT_ACTIVE_COMPILATION_CONDITIONS = DEBUG;
				SWIFT_OPTIMIZATION_LEVEL = "-Onone";
			};
			name = Debug;
		};
		01DFB20621A3F02000B2004B /* Release */ = {
			isa = XCBuildConfiguration;
			buildSettings = {
				ALWAYS_SEARCH_USER_PATHS = NO;
				CLANG_ANALYZER_NONNULL = YES;
				CLANG_ANALYZER_NUMBER_OBJECT_CONVERSION = YES_AGGRESSIVE;
				CLANG_CXX_LANGUAGE_STANDARD = "gnu++14";
				CLANG_CXX_LIBRARY = "libc++";
				CLANG_ENABLE_MODULES = YES;
				CLANG_ENABLE_OBJC_ARC = YES;
				CLANG_ENABLE_OBJC_WEAK = YES;
				CLANG_WARN_BLOCK_CAPTURE_AUTORELEASING = YES;
				CLANG_WARN_BOOL_CONVERSION = YES;
				CLANG_WARN_COMMA = YES;
				CLANG_WARN_CONSTANT_CONVERSION = YES;
				CLANG_WARN_DEPRECATED_OBJC_IMPLEMENTATIONS = YES;
				CLANG_WARN_DIRECT_OBJC_ISA_USAGE = YES_ERROR;
				CLANG_WARN_DOCUMENTATION_COMMENTS = YES;
				CLANG_WARN_EMPTY_BODY = YES;
				CLANG_WARN_ENUM_CONVERSION = YES;
				CLANG_WARN_INFINITE_RECURSION = YES;
				CLANG_WARN_INT_CONVERSION = YES;
				CLANG_WARN_NON_LITERAL_NULL_CONVERSION = YES;
				CLANG_WARN_OBJC_IMPLICIT_RETAIN_SELF = YES;
				CLANG_WARN_OBJC_LITERAL_CONVERSION = YES;
				CLANG_WARN_OBJC_ROOT_CLASS = YES_ERROR;
				CLANG_WARN_RANGE_LOOP_ANALYSIS = YES;
				CLANG_WARN_STRICT_PROTOTYPES = YES;
				CLANG_WARN_SUSPICIOUS_MOVE = YES;
				CLANG_WARN_UNGUARDED_AVAILABILITY = YES_AGGRESSIVE;
				CLANG_WARN_UNREACHABLE_CODE = YES;
				CLANG_WARN__DUPLICATE_METHOD_MATCH = YES;
				CODE_SIGN_IDENTITY = "iPhone Developer";
				COPY_PHASE_STRIP = NO;
				DEBUG_INFORMATION_FORMAT = "dwarf-with-dsym";
				ENABLE_NS_ASSERTIONS = NO;
				ENABLE_STRICT_OBJC_MSGSEND = YES;
				GCC_C_LANGUAGE_STANDARD = gnu11;
				GCC_NO_COMMON_BLOCKS = YES;
				GCC_WARN_64_TO_32_BIT_CONVERSION = YES;
				GCC_WARN_ABOUT_RETURN_TYPE = YES_ERROR;
				GCC_WARN_UNDECLARED_SELECTOR = YES;
				GCC_WARN_UNINITIALIZED_AUTOS = YES_AGGRESSIVE;
				GCC_WARN_UNUSED_FUNCTION = YES;
				GCC_WARN_UNUSED_VARIABLE = YES;
				IPHONEOS_DEPLOYMENT_TARGET = 12.1;
				MTL_ENABLE_DEBUG_INFO = NO;
				MTL_FAST_MATH = YES;
				SDKROOT = iphoneos;
				SWIFT_COMPILATION_MODE = wholemodule;
				SWIFT_OPTIMIZATION_LEVEL = "-O";
				VALIDATE_PRODUCT = YES;
			};
			name = Release;
		};
		01DFB20821A3F02000B2004B /* Debug */ = {
			isa = XCBuildConfiguration;
			buildSettings = {
				ASSETCATALOG_COMPILER_APPICON_NAME = AppIcon;
				CODE_SIGN_STYLE = Automatic;
				INFOPLIST_FILE = DiscountsDemo/Info.plist;
				LD_RUNPATH_SEARCH_PATHS = (
					"$(inherited)",
					"@executable_path/Frameworks",
				);
				PRODUCT_BUNDLE_IDENTIFIER = com.adib.DiscountsDemo;
				PRODUCT_NAME = "$(TARGET_NAME)";
				SWIFT_VERSION = 4.2;
				TARGETED_DEVICE_FAMILY = "1,2";
			};
			name = Debug;
		};
		01DFB20921A3F02000B2004B /* Release */ = {
			isa = XCBuildConfiguration;
			buildSettings = {
				ASSETCATALOG_COMPILER_APPICON_NAME = AppIcon;
				CODE_SIGN_STYLE = Automatic;
				INFOPLIST_FILE = DiscountsDemo/Info.plist;
				LD_RUNPATH_SEARCH_PATHS = (
					"$(inherited)",
					"@executable_path/Frameworks",
				);
				PRODUCT_BUNDLE_IDENTIFIER = com.adib.DiscountsDemo;
				PRODUCT_NAME = "$(TARGET_NAME)";
				SWIFT_VERSION = 4.2;
				TARGETED_DEVICE_FAMILY = "1,2";
			};
			name = Release;
		};
		01DFB20B21A3F02000B2004B /* Debug */ = {
			isa = XCBuildConfiguration;
			buildSettings = {
				ALWAYS_EMBED_SWIFT_STANDARD_LIBRARIES = YES;
				BUNDLE_LOADER = "$(TEST_HOST)";
				CODE_SIGN_STYLE = Automatic;
				INFOPLIST_FILE = DiscountsDemoTests/Info.plist;
				LD_RUNPATH_SEARCH_PATHS = (
					"$(inherited)",
					"@executable_path/Frameworks",
					"@loader_path/Frameworks",
				);
				PRODUCT_BUNDLE_IDENTIFIER = com.adib.DiscountsDemoTests;
				PRODUCT_NAME = "$(TARGET_NAME)";
				SWIFT_VERSION = 4.2;
				TARGETED_DEVICE_FAMILY = "1,2";
				TEST_HOST = "$(BUILT_PRODUCTS_DIR)/DiscountsDemo.app/DiscountsDemo";
			};
			name = Debug;
		};
		01DFB20C21A3F02000B2004B /* Release */ = {
			isa = XCBuildConfiguration;
			buildSettings = {
				ALWAYS_EMBED_SWIFT_STANDARD_LIBRARIES = YES;
				BUNDLE_LOADER = "$(TEST_HOST)";
				CODE_SIGN_STYLE = Automatic;
				INFOPLIST_FILE = DiscountsDemoTests/Info.plist;
				LD_RUNPATH_SEARCH_PATHS = (
					"$(inherited)",
					"@executable_path/Frameworks",
					"@loader_path/Frameworks",
				);
				PRODUCT_BUNDLE_IDENTIFIER = com.adib.DiscountsDemoTests;
				PRODUCT_NAME = "$(TARGET_NAME)";
				SWIFT_VERSION = 4.2;
				TARGETED_DEVICE_FAMILY = "1,2";
				TEST_HOST = "$(BUILT_PRODUCTS_DIR)/DiscountsDemo.app/DiscountsDemo";
			};
			name = Release;
		};
/* End XCBuildConfiguration section */

/* Begin XCConfigurationList section */
		01DFB1E521A3F01F00B2004B /* Build configuration list for PBXProject "DiscountsDemo" */ = {
			isa = XCConfigurationList;
			buildConfigurations = (
				01DFB20521A3F02000B2004B /* Debug */,
				01DFB20621A3F02000B2004B /* Release */,
			);
			defaultConfigurationIsVisible = 0;
			defaultConfigurationName = Release;
		};
		01DFB20721A3F02000B2004B /* Build configuration list for PBXNativeTarget "DiscountsDemo" */ = {
			isa = XCConfigurationList;
			buildConfigurations = (
				01DFB20821A3F02000B2004B /* Debug */,
				01DFB20921A3F02000B2004B /* Release */,
			);
			defaultConfigurationIsVisible = 0;
			defaultConfigurationName = Release;
		};
		01DFB20A21A3F02000B2004B /* Build configuration list for PBXNativeTarget "DiscountsDemoTests" */ = {
			isa = XCConfigurationList;
			buildConfigurations = (
				01DFB20B21A3F02000B2004B /* Debug */,
				01DFB20C21A3F02000B2004B /* Release */,
			);
			defaultConfigurationIsVisible = 0;
			defaultConfigurationName = Release;
		};
/* End XCConfigurationList section */
	};
	rootObject = 01DFB1E221A3F01F00B2004B /* Project object */;
}
